// !$*UTF8*$!
{
	archiveVersion = 1;
	classes = {
	};
	objectVersion = 46;
	objects = {

/* Begin PBXBuildFile section */
		3A3F9F6A1C661FA500E5E8AC /* GQuadItem.m in Sources */ = {isa = PBXBuildFile; fileRef = 3A3F9F611C661FA500E5E8AC /* GQuadItem.m */; };
		3A3F9F6B1C661FA500E5E8AC /* GStaticCluster.m in Sources */ = {isa = PBXBuildFile; fileRef = 3A3F9F631C661FA500E5E8AC /* GStaticCluster.m */; };
		3A3F9F6C1C661FA500E5E8AC /* NonHierarchicalDistanceBasedAlgorithm.m in Sources */ = {isa = PBXBuildFile; fileRef = 3A3F9F651C661FA500E5E8AC /* NonHierarchicalDistanceBasedAlgorithm.m */; };
		3A3F9F6D1C661FA500E5E8AC /* GClusterManager.m in Sources */ = {isa = PBXBuildFile; fileRef = 3A3F9F691C661FA500E5E8AC /* GClusterManager.m */; };
		3A3F9F711C661FB200E5E8AC /* GDefaultClusterRenderer.m in Sources */ = {isa = PBXBuildFile; fileRef = 3A3F9F701C661FB200E5E8AC /* GDefaultClusterRenderer.m */; };
		3A3F9F741C661FBD00E5E8AC /* SphericalMercatorProjection.m in Sources */ = {isa = PBXBuildFile; fileRef = 3A3F9F731C661FBD00E5E8AC /* SphericalMercatorProjection.m */; };
		3A3F9F7C1C661FC700E5E8AC /* GQTPointQuadTree.m in Sources */ = {isa = PBXBuildFile; fileRef = 3A3F9F781C661FC700E5E8AC /* GQTPointQuadTree.m */; };
		3A3F9F7D1C661FC700E5E8AC /* GQTPointQuadTreeChild.m in Sources */ = {isa = PBXBuildFile; fileRef = 3A3F9F7A1C661FC700E5E8AC /* GQTPointQuadTreeChild.m */; };
		3A3F9F801C6621E300E5E8AC /* Spot.m in Sources */ = {isa = PBXBuildFile; fileRef = 3A3F9F7F1C6621E300E5E8AC /* Spot.m */; };
		3A3F9F831C66559F00E5E8AC /* ModelViewController.m in Sources */ = {isa = PBXBuildFile; fileRef = 3A3F9F821C66559F00E5E8AC /* ModelViewController.m */; };
		3A3F9F861C66A69700E5E8AC /* PhoneViewController.m in Sources */ = {isa = PBXBuildFile; fileRef = 3A3F9F851C66A69700E5E8AC /* PhoneViewController.m */; };
		3A4BD5BC1C68CBDD00936862 /* DataManager.m in Sources */ = {isa = PBXBuildFile; fileRef = 3A4BD5BB1C68CBDD00936862 /* DataManager.m */; };
		3A4BD5D31C68DCC900936862 /* Flats+CoreDataProperties.m in Sources */ = {isa = PBXBuildFile; fileRef = 3A4BD5C41C68DCC900936862 /* Flats+CoreDataProperties.m */; };
		3A4BD5D41C68DCC900936862 /* Flats.m in Sources */ = {isa = PBXBuildFile; fileRef = 3A4BD5C61C68DCC900936862 /* Flats.m */; };
		3A4BD5D51C68DCC900936862 /* Filter+CoreDataProperties.m in Sources */ = {isa = PBXBuildFile; fileRef = 3A4BD5C81C68DCC900936862 /* Filter+CoreDataProperties.m */; };
		3A4BD5D61C68DCC900936862 /* Filter.m in Sources */ = {isa = PBXBuildFile; fileRef = 3A4BD5CA1C68DCC900936862 /* Filter.m */; };
		3A4BD5D71C68DCC900936862 /* Messages+CoreDataProperties.m in Sources */ = {isa = PBXBuildFile; fileRef = 3A4BD5CC1C68DCC900936862 /* Messages+CoreDataProperties.m */; };
		3A4BD5D81C68DCC900936862 /* Messages.m in Sources */ = {isa = PBXBuildFile; fileRef = 3A4BD5CE1C68DCC900936862 /* Messages.m */; };
		3A4BD5D91C68DCC900936862 /* Users+CoreDataProperties.m in Sources */ = {isa = PBXBuildFile; fileRef = 3A4BD5D01C68DCC900936862 /* Users+CoreDataProperties.m */; };
		3A4BD5DA1C68DCC900936862 /* Users.m in Sources */ = {isa = PBXBuildFile; fileRef = 3A4BD5D21C68DCC900936862 /* Users.m */; };
		3A8A7EB71C66A836005946C0 /* SHSFlagAccessoryView.m in Sources */ = {isa = PBXBuildFile; fileRef = 3A8A7EAD1C66A836005946C0 /* SHSFlagAccessoryView.m */; };
		3A8A7EB81C66A836005946C0 /* SHSPhoneLogic.m in Sources */ = {isa = PBXBuildFile; fileRef = 3A8A7EB01C66A836005946C0 /* SHSPhoneLogic.m */; };
		3A8A7EB91C66A836005946C0 /* SHSPhoneNumberFormatter.m in Sources */ = {isa = PBXBuildFile; fileRef = 3A8A7EB21C66A836005946C0 /* SHSPhoneNumberFormatter.m */; };
		3A8A7EBA1C66A836005946C0 /* SHSPhoneNumberFormatter+UserConfig.m in Sources */ = {isa = PBXBuildFile; fileRef = 3A8A7EB41C66A836005946C0 /* SHSPhoneNumberFormatter+UserConfig.m */; };
		3A8A7EBB1C66A836005946C0 /* SHSPhoneTextField.m in Sources */ = {isa = PBXBuildFile; fileRef = 3A8A7EB61C66A836005946C0 /* SHSPhoneTextField.m */; };
		3A8A7EBE1C6747AF005946C0 /* ListTableViewCell.m in Sources */ = {isa = PBXBuildFile; fileRef = 3A8A7EBD1C6747AF005946C0 /* ListTableViewCell.m */; };
		3A93F3461C655A9200E6B900 /* GothamProBlack.ttf in Resources */ = {isa = PBXBuildFile; fileRef = 3A93F33C1C6557B400E6B900 /* GothamProBlack.ttf */; };
		3A93F3471C655A9200E6B900 /* GothamProBlackItalic.ttf in Resources */ = {isa = PBXBuildFile; fileRef = 3A93F33D1C6557B400E6B900 /* GothamProBlackItalic.ttf */; };
		3A93F3481C655A9200E6B900 /* GothamProBold.ttf in Resources */ = {isa = PBXBuildFile; fileRef = 3A93F33E1C6557B400E6B900 /* GothamProBold.ttf */; };
		3A93F3491C655A9200E6B900 /* GothamProBoldItalic.ttf in Resources */ = {isa = PBXBuildFile; fileRef = 3A93F33F1C6557B400E6B900 /* GothamProBoldItalic.ttf */; };
		3A93F34A1C655A9200E6B900 /* GothamProItalic.ttf in Resources */ = {isa = PBXBuildFile; fileRef = 3A93F3401C6557B400E6B900 /* GothamProItalic.ttf */; };
		3A93F34B1C655A9200E6B900 /* GothamProLight.ttf in Resources */ = {isa = PBXBuildFile; fileRef = 3A93F3411C6557B400E6B900 /* GothamProLight.ttf */; };
		3A93F34C1C655A9200E6B900 /* GothamProLightItalic.ttf in Resources */ = {isa = PBXBuildFile; fileRef = 3A93F3421C6557B400E6B900 /* GothamProLightItalic.ttf */; };
		3A93F34D1C655A9200E6B900 /* GothamProMedium.ttf in Resources */ = {isa = PBXBuildFile; fileRef = 3A93F3431C6557B400E6B900 /* GothamProMedium.ttf */; };
		3A93F34E1C655A9200E6B900 /* GothamProMediumItalic.ttf in Resources */ = {isa = PBXBuildFile; fileRef = 3A93F3441C6557B400E6B900 /* GothamProMediumItalic.ttf */; };
		3A93F34F1C655A9200E6B900 /* GothamProRegular.ttf in Resources */ = {isa = PBXBuildFile; fileRef = 3A93F3451C6557B400E6B900 /* GothamProRegular.ttf */; };
		3ACF4BEC1C624DF70045D992 /* FlatViewController.m in Sources */ = {isa = PBXBuildFile; fileRef = 3ACF4BEB1C624DF70045D992 /* FlatViewController.m */; };
		3ADF01571C6125F300890117 /* LoginViewController.m in Sources */ = {isa = PBXBuildFile; fileRef = 3ADF01561C6125F300890117 /* LoginViewController.m */; };
		3ADF015A1C61260200890117 /* MapViewController.m in Sources */ = {isa = PBXBuildFile; fileRef = 3ADF01591C61260200890117 /* MapViewController.m */; };
		3ADF01601C61261F00890117 /* MessViewController.m in Sources */ = {isa = PBXBuildFile; fileRef = 3ADF015F1C61261F00890117 /* MessViewController.m */; };
		3ADF01631C61264900890117 /* ProfileViewController.m in Sources */ = {isa = PBXBuildFile; fileRef = 3ADF01621C61264900890117 /* ProfileViewController.m */; };
		3ADF01651C61273100890117 /* MapKit.framework in Frameworks */ = {isa = PBXBuildFile; fileRef = 3ADF01641C61273100890117 /* MapKit.framework */; };
		3ADF01671C61278D00890117 /* CoreLocation.framework in Frameworks */ = {isa = PBXBuildFile; fileRef = 3ADF01661C61278D00890117 /* CoreLocation.framework */; };
		3ADF016D1C6128E000890117 /* FilterViewController.m in Sources */ = {isa = PBXBuildFile; fileRef = 3ADF016C1C6128E000890117 /* FilterViewController.m */; };
		3ADF017F1C61392A00890117 /* FBSDKCoreKit.framework in Frameworks */ = {isa = PBXBuildFile; fileRef = 3ADF017C1C61392A00890117 /* FBSDKCoreKit.framework */; };
		3ADF01801C61392A00890117 /* FBSDKLoginKit.framework in Frameworks */ = {isa = PBXBuildFile; fileRef = 3ADF017D1C61392A00890117 /* FBSDKLoginKit.framework */; };
		3ADF01811C61392A00890117 /* FBSDKShareKit.framework in Frameworks */ = {isa = PBXBuildFile; fileRef = 3ADF017E1C61392A00890117 /* FBSDKShareKit.framework */; };
		3AF845E11C65E48200F1707C /* ListViewController.m in Sources */ = {isa = PBXBuildFile; fileRef = 3AF845E01C65E48200F1707C /* ListViewController.m */; };
		A2567A257419FE9008F6F5F1 /* libPods.a in Frameworks */ = {isa = PBXBuildFile; fileRef = 640F28F77E2DA92AEE6DC49F /* libPods.a */; };
		DB2D455E1C6B679F00151B2F /* GeneralDescriptionTableViewCell.m in Sources */ = {isa = PBXBuildFile; fileRef = DB2D455D1C6B679F00151B2F /* GeneralDescriptionTableViewCell.m */; };
		DB2D45611C6B848000151B2F /* InfoTableViewCell.m in Sources */ = {isa = PBXBuildFile; fileRef = DB2D45601C6B848000151B2F /* InfoTableViewCell.m */; };
		DB2D45641C6B8AFF00151B2F /* DescriptionTableViewCell.m in Sources */ = {isa = PBXBuildFile; fileRef = DB2D45631C6B8AFF00151B2F /* DescriptionTableViewCell.m */; };
		DB3ED3CF1C68E7AA00576E62 /* ChatViewController.m in Sources */ = {isa = PBXBuildFile; fileRef = DB3ED3CE1C68E7AA00576E62 /* ChatViewController.m */; };
		DB4951FF1C5FBB4700745228 /* main.m in Sources */ = {isa = PBXBuildFile; fileRef = DB4951FE1C5FBB4700745228 /* main.m */; };
		DB4952021C5FBB4700745228 /* AppDelegate.m in Sources */ = {isa = PBXBuildFile; fileRef = DB4952011C5FBB4700745228 /* AppDelegate.m */; };
		DB4952081C5FBB4700745228 /* Main.storyboard in Resources */ = {isa = PBXBuildFile; fileRef = DB4952061C5FBB4700745228 /* Main.storyboard */; };
		DB49520B1C5FBB4700745228 /* SixHands.xcdatamodeld in Sources */ = {isa = PBXBuildFile; fileRef = DB4952091C5FBB4700745228 /* SixHands.xcdatamodeld */; };
		DB49520D1C5FBB4700745228 /* Assets.xcassets in Resources */ = {isa = PBXBuildFile; fileRef = DB49520C1C5FBB4700745228 /* Assets.xcassets */; };
		DB4952101C5FBB4700745228 /* LaunchScreen.storyboard in Resources */ = {isa = PBXBuildFile; fileRef = DB49520E1C5FBB4700745228 /* LaunchScreen.storyboard */; };
		DB4E28031C68B83600303437 /* ChatTableViewCell.m in Sources */ = {isa = PBXBuildFile; fileRef = DB4E28021C68B83600303437 /* ChatTableViewCell.m */; };
		DB4E28131C68CF7300303437 /* Lato-Black.ttf in Resources */ = {isa = PBXBuildFile; fileRef = DB4E28041C68CF7300303437 /* Lato-Black.ttf */; };
		DB4E28141C68CF7300303437 /* Lato-BlackItalic.ttf in Resources */ = {isa = PBXBuildFile; fileRef = DB4E28051C68CF7300303437 /* Lato-BlackItalic.ttf */; };
		DB4E28151C68CF7300303437 /* Lato-Bold.ttf in Resources */ = {isa = PBXBuildFile; fileRef = DB4E28061C68CF7300303437 /* Lato-Bold.ttf */; };
		DB4E28161C68CF7300303437 /* Lato-BoldItalic.ttf in Resources */ = {isa = PBXBuildFile; fileRef = DB4E28071C68CF7300303437 /* Lato-BoldItalic.ttf */; };
		DB4E28171C68CF7300303437 /* Lato-Hairline.ttf in Resources */ = {isa = PBXBuildFile; fileRef = DB4E28081C68CF7300303437 /* Lato-Hairline.ttf */; };
		DB4E28181C68CF7300303437 /* Lato-HairlineItalic.ttf in Resources */ = {isa = PBXBuildFile; fileRef = DB4E28091C68CF7300303437 /* Lato-HairlineItalic.ttf */; };
		DB4E28191C68CF7300303437 /* Lato-Heavy.ttf in Resources */ = {isa = PBXBuildFile; fileRef = DB4E280A1C68CF7300303437 /* Lato-Heavy.ttf */; };
		DB4E281A1C68CF7300303437 /* Lato-HeavyItalic.ttf in Resources */ = {isa = PBXBuildFile; fileRef = DB4E280B1C68CF7300303437 /* Lato-HeavyItalic.ttf */; };
		DB4E281B1C68CF7300303437 /* Lato-Italic.ttf in Resources */ = {isa = PBXBuildFile; fileRef = DB4E280C1C68CF7300303437 /* Lato-Italic.ttf */; };
		DB4E281C1C68CF7300303437 /* Lato-Light.ttf in Resources */ = {isa = PBXBuildFile; fileRef = DB4E280D1C68CF7300303437 /* Lato-Light.ttf */; };
		DB4E281D1C68CF7300303437 /* Lato-LightItalic.ttf in Resources */ = {isa = PBXBuildFile; fileRef = DB4E280E1C68CF7300303437 /* Lato-LightItalic.ttf */; };
		DB4E281E1C68CF7300303437 /* Lato-Medium.ttf in Resources */ = {isa = PBXBuildFile; fileRef = DB4E280F1C68CF7300303437 /* Lato-Medium.ttf */; };
		DB4E281F1C68CF7300303437 /* Lato-MediumItalic.ttf in Resources */ = {isa = PBXBuildFile; fileRef = DB4E28101C68CF7300303437 /* Lato-MediumItalic.ttf */; };
		DB4E28201C68CF7300303437 /* Lato-Regular.ttf in Resources */ = {isa = PBXBuildFile; fileRef = DB4E28111C68CF7300303437 /* Lato-Regular.ttf */; };
		DB4E28211C68CF7300303437 /* Lato-Semibold.ttf in Resources */ = {isa = PBXBuildFile; fileRef = DB4E28121C68CF7300303437 /* Lato-Semibold.ttf */; };
		DB608E1F1C6F7D4C007D33CB /* ContainerScrollViewController.m in Sources */ = {isa = PBXBuildFile; fileRef = DB608E1E1C6F7D4C007D33CB /* ContainerScrollViewController.m */; };
		DB608E221C6F7EB8007D33CB /* FirstScrollViewController.m in Sources */ = {isa = PBXBuildFile; fileRef = DB608E211C6F7EB8007D33CB /* FirstScrollViewController.m */; };
		DB608E251C6F7EC7007D33CB /* SecondScrollViewController.m in Sources */ = {isa = PBXBuildFile; fileRef = DB608E241C6F7EC7007D33CB /* SecondScrollViewController.m */; };
		DB608E281C6F7ED4007D33CB /* ThirdScrollViewController.m in Sources */ = {isa = PBXBuildFile; fileRef = DB608E271C6F7ED4007D33CB /* ThirdScrollViewController.m */; };
		DB6DED5F1C675F2600A263B5 /* FloatTabBarViewController.m in Sources */ = {isa = PBXBuildFile; fileRef = DB6DED5E1C675F2600A263B5 /* FloatTabBarViewController.m */; };
		DB6DED621C675FD000A263B5 /* SWRevealViewController.m in Sources */ = {isa = PBXBuildFile; fileRef = DB6DED611C675FD000A263B5 /* SWRevealViewController.m */; };
		DB95483D1C6957F1007F79D2 /* SubwayView.m in Sources */ = {isa = PBXBuildFile; fileRef = DB95483C1C6957F1007F79D2 /* SubwayView.m */; };
		DB9548401C6AA7D3007F79D2 /* ScrollFlatTableViewCell.m in Sources */ = {isa = PBXBuildFile; fileRef = DB95483F1C6AA7D3007F79D2 /* ScrollFlatTableViewCell.m */; };
		DB9FE4A31C6C1ACF00DD27F5 /* SettingsViewController.m in Sources */ = {isa = PBXBuildFile; fileRef = DB9FE4A21C6C1ACF00DD27F5 /* SettingsViewController.m */; };
		DB9FE4A61C6F616B00DD27F5 /* TempViewController.m in Sources */ = {isa = PBXBuildFile; fileRef = DB9FE4A51C6F616B00DD27F5 /* TempViewController.m */; };
		DBC8064A1C5FBC9A00E84FC2 /* Podfile in Resources */ = {isa = PBXBuildFile; fileRef = DBC806491C5FBC9A00E84FC2 /* Podfile */; };
/* End PBXBuildFile section */

/* Begin PBXFileReference section */
		11A7A4175B5D4E47AB7DC9DD /* Pods.debug.xcconfig */ = {isa = PBXFileReference; includeInIndex = 1; lastKnownFileType = text.xcconfig; name = Pods.debug.xcconfig; path = "Pods/Target Support Files/Pods/Pods.debug.xcconfig"; sourceTree = "<group>"; };
		2CA40AE8DF16200438B272FC /* Pods.release.xcconfig */ = {isa = PBXFileReference; includeInIndex = 1; lastKnownFileType = text.xcconfig; name = Pods.release.xcconfig; path = "Pods/Target Support Files/Pods/Pods.release.xcconfig"; sourceTree = "<group>"; };
		3A3F9F5F1C661FA500E5E8AC /* GClusterAlgorithm.h */ = {isa = PBXFileReference; fileEncoding = 4; lastKnownFileType = sourcecode.c.h; path = GClusterAlgorithm.h; sourceTree = "<group>"; };
		3A3F9F601C661FA500E5E8AC /* GQuadItem.h */ = {isa = PBXFileReference; fileEncoding = 4; lastKnownFileType = sourcecode.c.h; path = GQuadItem.h; sourceTree = "<group>"; };
		3A3F9F611C661FA500E5E8AC /* GQuadItem.m */ = {isa = PBXFileReference; fileEncoding = 4; lastKnownFileType = sourcecode.c.objc; path = GQuadItem.m; sourceTree = "<group>"; };
		3A3F9F621C661FA500E5E8AC /* GStaticCluster.h */ = {isa = PBXFileReference; fileEncoding = 4; lastKnownFileType = sourcecode.c.h; path = GStaticCluster.h; sourceTree = "<group>"; };
		3A3F9F631C661FA500E5E8AC /* GStaticCluster.m */ = {isa = PBXFileReference; fileEncoding = 4; lastKnownFileType = sourcecode.c.objc; path = GStaticCluster.m; sourceTree = "<group>"; };
		3A3F9F641C661FA500E5E8AC /* NonHierarchicalDistanceBasedAlgorithm.h */ = {isa = PBXFileReference; fileEncoding = 4; lastKnownFileType = sourcecode.c.h; path = NonHierarchicalDistanceBasedAlgorithm.h; sourceTree = "<group>"; };
		3A3F9F651C661FA500E5E8AC /* NonHierarchicalDistanceBasedAlgorithm.m */ = {isa = PBXFileReference; fileEncoding = 4; lastKnownFileType = sourcecode.c.objc; path = NonHierarchicalDistanceBasedAlgorithm.m; sourceTree = "<group>"; };
		3A3F9F661C661FA500E5E8AC /* GCluster.h */ = {isa = PBXFileReference; fileEncoding = 4; lastKnownFileType = sourcecode.c.h; path = GCluster.h; sourceTree = "<group>"; };
		3A3F9F671C661FA500E5E8AC /* GClusterItem.h */ = {isa = PBXFileReference; fileEncoding = 4; lastKnownFileType = sourcecode.c.h; path = GClusterItem.h; sourceTree = "<group>"; };
		3A3F9F681C661FA500E5E8AC /* GClusterManager.h */ = {isa = PBXFileReference; fileEncoding = 4; lastKnownFileType = sourcecode.c.h; path = GClusterManager.h; sourceTree = "<group>"; };
		3A3F9F691C661FA500E5E8AC /* GClusterManager.m */ = {isa = PBXFileReference; fileEncoding = 4; lastKnownFileType = sourcecode.c.objc; path = GClusterManager.m; sourceTree = "<group>"; };
		3A3F9F6E1C661FB200E5E8AC /* GClusterRenderer.h */ = {isa = PBXFileReference; fileEncoding = 4; lastKnownFileType = sourcecode.c.h; path = GClusterRenderer.h; sourceTree = "<group>"; };
		3A3F9F6F1C661FB200E5E8AC /* GDefaultClusterRenderer.h */ = {isa = PBXFileReference; fileEncoding = 4; lastKnownFileType = sourcecode.c.h; path = GDefaultClusterRenderer.h; sourceTree = "<group>"; };
		3A3F9F701C661FB200E5E8AC /* GDefaultClusterRenderer.m */ = {isa = PBXFileReference; fileEncoding = 4; lastKnownFileType = sourcecode.c.objc; path = GDefaultClusterRenderer.m; sourceTree = "<group>"; };
		3A3F9F721C661FBD00E5E8AC /* SphericalMercatorProjection.h */ = {isa = PBXFileReference; fileEncoding = 4; lastKnownFileType = sourcecode.c.h; path = SphericalMercatorProjection.h; sourceTree = "<group>"; };
		3A3F9F731C661FBD00E5E8AC /* SphericalMercatorProjection.m */ = {isa = PBXFileReference; fileEncoding = 4; lastKnownFileType = sourcecode.c.objc; path = SphericalMercatorProjection.m; sourceTree = "<group>"; };
		3A3F9F751C661FC700E5E8AC /* GQTBounds.h */ = {isa = PBXFileReference; fileEncoding = 4; lastKnownFileType = sourcecode.c.h; path = GQTBounds.h; sourceTree = "<group>"; };
		3A3F9F761C661FC700E5E8AC /* GQTPoint.h */ = {isa = PBXFileReference; fileEncoding = 4; lastKnownFileType = sourcecode.c.h; path = GQTPoint.h; sourceTree = "<group>"; };
		3A3F9F771C661FC700E5E8AC /* GQTPointQuadTree.h */ = {isa = PBXFileReference; fileEncoding = 4; lastKnownFileType = sourcecode.c.h; path = GQTPointQuadTree.h; sourceTree = "<group>"; };
		3A3F9F781C661FC700E5E8AC /* GQTPointQuadTree.m */ = {isa = PBXFileReference; fileEncoding = 4; lastKnownFileType = sourcecode.c.objc; path = GQTPointQuadTree.m; sourceTree = "<group>"; };
		3A3F9F791C661FC700E5E8AC /* GQTPointQuadTreeChild.h */ = {isa = PBXFileReference; fileEncoding = 4; lastKnownFileType = sourcecode.c.h; path = GQTPointQuadTreeChild.h; sourceTree = "<group>"; };
		3A3F9F7A1C661FC700E5E8AC /* GQTPointQuadTreeChild.m */ = {isa = PBXFileReference; fileEncoding = 4; lastKnownFileType = sourcecode.c.objc; path = GQTPointQuadTreeChild.m; sourceTree = "<group>"; };
		3A3F9F7B1C661FC700E5E8AC /* GQTPointQuadTreeItem.h */ = {isa = PBXFileReference; fileEncoding = 4; lastKnownFileType = sourcecode.c.h; path = GQTPointQuadTreeItem.h; sourceTree = "<group>"; };
		3A3F9F7E1C6621E300E5E8AC /* Spot.h */ = {isa = PBXFileReference; fileEncoding = 4; lastKnownFileType = sourcecode.c.h; path = Spot.h; sourceTree = "<group>"; };
		3A3F9F7F1C6621E300E5E8AC /* Spot.m */ = {isa = PBXFileReference; fileEncoding = 4; lastKnownFileType = sourcecode.c.objc; path = Spot.m; sourceTree = "<group>"; };
		3A3F9F811C66559F00E5E8AC /* ModelViewController.h */ = {isa = PBXFileReference; fileEncoding = 4; lastKnownFileType = sourcecode.c.h; path = ModelViewController.h; sourceTree = "<group>"; };
		3A3F9F821C66559F00E5E8AC /* ModelViewController.m */ = {isa = PBXFileReference; fileEncoding = 4; lastKnownFileType = sourcecode.c.objc; path = ModelViewController.m; sourceTree = "<group>"; };
		3A3F9F841C66A69700E5E8AC /* PhoneViewController.h */ = {isa = PBXFileReference; fileEncoding = 4; lastKnownFileType = sourcecode.c.h; path = PhoneViewController.h; sourceTree = "<group>"; };
		3A3F9F851C66A69700E5E8AC /* PhoneViewController.m */ = {isa = PBXFileReference; fileEncoding = 4; lastKnownFileType = sourcecode.c.objc; path = PhoneViewController.m; sourceTree = "<group>"; };
		3A4BD5BA1C68CBDD00936862 /* DataManager.h */ = {isa = PBXFileReference; fileEncoding = 4; lastKnownFileType = sourcecode.c.h; path = DataManager.h; sourceTree = "<group>"; };
		3A4BD5BB1C68CBDD00936862 /* DataManager.m */ = {isa = PBXFileReference; fileEncoding = 4; lastKnownFileType = sourcecode.c.objc; path = DataManager.m; sourceTree = "<group>"; };
		3A4BD5C31C68DCC900936862 /* Flats+CoreDataProperties.h */ = {isa = PBXFileReference; fileEncoding = 4; lastKnownFileType = sourcecode.c.h; path = "Flats+CoreDataProperties.h"; sourceTree = "<group>"; };
		3A4BD5C41C68DCC900936862 /* Flats+CoreDataProperties.m */ = {isa = PBXFileReference; fileEncoding = 4; lastKnownFileType = sourcecode.c.objc; path = "Flats+CoreDataProperties.m"; sourceTree = "<group>"; };
		3A4BD5C51C68DCC900936862 /* Flats.h */ = {isa = PBXFileReference; fileEncoding = 4; lastKnownFileType = sourcecode.c.h; path = Flats.h; sourceTree = "<group>"; };
		3A4BD5C61C68DCC900936862 /* Flats.m */ = {isa = PBXFileReference; fileEncoding = 4; lastKnownFileType = sourcecode.c.objc; path = Flats.m; sourceTree = "<group>"; };
		3A4BD5C71C68DCC900936862 /* Filter+CoreDataProperties.h */ = {isa = PBXFileReference; fileEncoding = 4; lastKnownFileType = sourcecode.c.h; path = "Filter+CoreDataProperties.h"; sourceTree = "<group>"; };
		3A4BD5C81C68DCC900936862 /* Filter+CoreDataProperties.m */ = {isa = PBXFileReference; fileEncoding = 4; lastKnownFileType = sourcecode.c.objc; path = "Filter+CoreDataProperties.m"; sourceTree = "<group>"; };
		3A4BD5C91C68DCC900936862 /* Filter.h */ = {isa = PBXFileReference; fileEncoding = 4; lastKnownFileType = sourcecode.c.h; path = Filter.h; sourceTree = "<group>"; };
		3A4BD5CA1C68DCC900936862 /* Filter.m */ = {isa = PBXFileReference; fileEncoding = 4; lastKnownFileType = sourcecode.c.objc; path = Filter.m; sourceTree = "<group>"; };
		3A4BD5CB1C68DCC900936862 /* Messages+CoreDataProperties.h */ = {isa = PBXFileReference; fileEncoding = 4; lastKnownFileType = sourcecode.c.h; path = "Messages+CoreDataProperties.h"; sourceTree = "<group>"; };
		3A4BD5CC1C68DCC900936862 /* Messages+CoreDataProperties.m */ = {isa = PBXFileReference; fileEncoding = 4; lastKnownFileType = sourcecode.c.objc; path = "Messages+CoreDataProperties.m"; sourceTree = "<group>"; };
		3A4BD5CD1C68DCC900936862 /* Messages.h */ = {isa = PBXFileReference; fileEncoding = 4; lastKnownFileType = sourcecode.c.h; path = Messages.h; sourceTree = "<group>"; };
		3A4BD5CE1C68DCC900936862 /* Messages.m */ = {isa = PBXFileReference; fileEncoding = 4; lastKnownFileType = sourcecode.c.objc; path = Messages.m; sourceTree = "<group>"; };
		3A4BD5CF1C68DCC900936862 /* Users+CoreDataProperties.h */ = {isa = PBXFileReference; fileEncoding = 4; lastKnownFileType = sourcecode.c.h; path = "Users+CoreDataProperties.h"; sourceTree = "<group>"; };
		3A4BD5D01C68DCC900936862 /* Users+CoreDataProperties.m */ = {isa = PBXFileReference; fileEncoding = 4; lastKnownFileType = sourcecode.c.objc; path = "Users+CoreDataProperties.m"; sourceTree = "<group>"; };
		3A4BD5D11C68DCC900936862 /* Users.h */ = {isa = PBXFileReference; fileEncoding = 4; lastKnownFileType = sourcecode.c.h; path = Users.h; sourceTree = "<group>"; };
		3A4BD5D21C68DCC900936862 /* Users.m */ = {isa = PBXFileReference; fileEncoding = 4; lastKnownFileType = sourcecode.c.objc; path = Users.m; sourceTree = "<group>"; };
		3A8A7EAC1C66A836005946C0 /* SHSFlagAccessoryView.h */ = {isa = PBXFileReference; fileEncoding = 4; lastKnownFileType = sourcecode.c.h; path = SHSFlagAccessoryView.h; sourceTree = "<group>"; };
		3A8A7EAD1C66A836005946C0 /* SHSFlagAccessoryView.m */ = {isa = PBXFileReference; fileEncoding = 4; lastKnownFileType = sourcecode.c.objc; path = SHSFlagAccessoryView.m; sourceTree = "<group>"; };
		3A8A7EAE1C66A836005946C0 /* SHSPhoneLibrary.h */ = {isa = PBXFileReference; fileEncoding = 4; lastKnownFileType = sourcecode.c.h; path = SHSPhoneLibrary.h; sourceTree = "<group>"; };
		3A8A7EAF1C66A836005946C0 /* SHSPhoneLogic.h */ = {isa = PBXFileReference; fileEncoding = 4; lastKnownFileType = sourcecode.c.h; path = SHSPhoneLogic.h; sourceTree = "<group>"; };
		3A8A7EB01C66A836005946C0 /* SHSPhoneLogic.m */ = {isa = PBXFileReference; fileEncoding = 4; lastKnownFileType = sourcecode.c.objc; path = SHSPhoneLogic.m; sourceTree = "<group>"; };
		3A8A7EB11C66A836005946C0 /* SHSPhoneNumberFormatter.h */ = {isa = PBXFileReference; fileEncoding = 4; lastKnownFileType = sourcecode.c.h; path = SHSPhoneNumberFormatter.h; sourceTree = "<group>"; };
		3A8A7EB21C66A836005946C0 /* SHSPhoneNumberFormatter.m */ = {isa = PBXFileReference; fileEncoding = 4; lastKnownFileType = sourcecode.c.objc; path = SHSPhoneNumberFormatter.m; sourceTree = "<group>"; };
		3A8A7EB31C66A836005946C0 /* SHSPhoneNumberFormatter+UserConfig.h */ = {isa = PBXFileReference; fileEncoding = 4; lastKnownFileType = sourcecode.c.h; path = "SHSPhoneNumberFormatter+UserConfig.h"; sourceTree = "<group>"; };
		3A8A7EB41C66A836005946C0 /* SHSPhoneNumberFormatter+UserConfig.m */ = {isa = PBXFileReference; fileEncoding = 4; lastKnownFileType = sourcecode.c.objc; path = "SHSPhoneNumberFormatter+UserConfig.m"; sourceTree = "<group>"; };
		3A8A7EB51C66A836005946C0 /* SHSPhoneTextField.h */ = {isa = PBXFileReference; fileEncoding = 4; lastKnownFileType = sourcecode.c.h; path = SHSPhoneTextField.h; sourceTree = "<group>"; };
		3A8A7EB61C66A836005946C0 /* SHSPhoneTextField.m */ = {isa = PBXFileReference; fileEncoding = 4; lastKnownFileType = sourcecode.c.objc; path = SHSPhoneTextField.m; sourceTree = "<group>"; };
		3A8A7EBC1C6747AF005946C0 /* ListTableViewCell.h */ = {isa = PBXFileReference; fileEncoding = 4; lastKnownFileType = sourcecode.c.h; path = ListTableViewCell.h; sourceTree = "<group>"; };
		3A8A7EBD1C6747AF005946C0 /* ListTableViewCell.m */ = {isa = PBXFileReference; fileEncoding = 4; lastKnownFileType = sourcecode.c.objc; path = ListTableViewCell.m; sourceTree = "<group>"; };
		3A8A7EBF1C6777FD005946C0 /* libTTRangeSlider.a */ = {isa = PBXFileReference; lastKnownFileType = archive.ar; name = libTTRangeSlider.a; path = "Pods/../build/Debug-iphoneos/libTTRangeSlider.a"; sourceTree = "<group>"; };
		3A93F33C1C6557B400E6B900 /* GothamProBlack.ttf */ = {isa = PBXFileReference; lastKnownFileType = file; path = GothamProBlack.ttf; sourceTree = "<group>"; };
		3A93F33D1C6557B400E6B900 /* GothamProBlackItalic.ttf */ = {isa = PBXFileReference; lastKnownFileType = file; path = GothamProBlackItalic.ttf; sourceTree = "<group>"; };
		3A93F33E1C6557B400E6B900 /* GothamProBold.ttf */ = {isa = PBXFileReference; lastKnownFileType = file; path = GothamProBold.ttf; sourceTree = "<group>"; };
		3A93F33F1C6557B400E6B900 /* GothamProBoldItalic.ttf */ = {isa = PBXFileReference; lastKnownFileType = file; path = GothamProBoldItalic.ttf; sourceTree = "<group>"; };
		3A93F3401C6557B400E6B900 /* GothamProItalic.ttf */ = {isa = PBXFileReference; lastKnownFileType = file; path = GothamProItalic.ttf; sourceTree = "<group>"; };
		3A93F3411C6557B400E6B900 /* GothamProLight.ttf */ = {isa = PBXFileReference; lastKnownFileType = file; path = GothamProLight.ttf; sourceTree = "<group>"; };
		3A93F3421C6557B400E6B900 /* GothamProLightItalic.ttf */ = {isa = PBXFileReference; lastKnownFileType = file; path = GothamProLightItalic.ttf; sourceTree = "<group>"; };
		3A93F3431C6557B400E6B900 /* GothamProMedium.ttf */ = {isa = PBXFileReference; lastKnownFileType = file; path = GothamProMedium.ttf; sourceTree = "<group>"; };
		3A93F3441C6557B400E6B900 /* GothamProMediumItalic.ttf */ = {isa = PBXFileReference; lastKnownFileType = file; path = GothamProMediumItalic.ttf; sourceTree = "<group>"; };
		3A93F3451C6557B400E6B900 /* GothamProRegular.ttf */ = {isa = PBXFileReference; lastKnownFileType = file; path = GothamProRegular.ttf; sourceTree = "<group>"; };
		3ACF4BEA1C624DF70045D992 /* FlatViewController.h */ = {isa = PBXFileReference; fileEncoding = 4; lastKnownFileType = sourcecode.c.h; path = FlatViewController.h; sourceTree = "<group>"; };
		3ACF4BEB1C624DF70045D992 /* FlatViewController.m */ = {isa = PBXFileReference; fileEncoding = 4; lastKnownFileType = sourcecode.c.objc; path = FlatViewController.m; sourceTree = "<group>"; };
		3ADF01551C6125F300890117 /* LoginViewController.h */ = {isa = PBXFileReference; fileEncoding = 4; lastKnownFileType = sourcecode.c.h; path = LoginViewController.h; sourceTree = "<group>"; };
		3ADF01561C6125F300890117 /* LoginViewController.m */ = {isa = PBXFileReference; fileEncoding = 4; lastKnownFileType = sourcecode.c.objc; path = LoginViewController.m; sourceTree = "<group>"; };
		3ADF01581C61260200890117 /* MapViewController.h */ = {isa = PBXFileReference; fileEncoding = 4; lastKnownFileType = sourcecode.c.h; path = MapViewController.h; sourceTree = "<group>"; };
		3ADF01591C61260200890117 /* MapViewController.m */ = {isa = PBXFileReference; fileEncoding = 4; lastKnownFileType = sourcecode.c.objc; path = MapViewController.m; sourceTree = "<group>"; };
		3ADF015E1C61261F00890117 /* MessViewController.h */ = {isa = PBXFileReference; fileEncoding = 4; lastKnownFileType = sourcecode.c.h; path = MessViewController.h; sourceTree = "<group>"; };
		3ADF015F1C61261F00890117 /* MessViewController.m */ = {isa = PBXFileReference; fileEncoding = 4; lastKnownFileType = sourcecode.c.objc; path = MessViewController.m; sourceTree = "<group>"; };
		3ADF01611C61264900890117 /* ProfileViewController.h */ = {isa = PBXFileReference; fileEncoding = 4; lastKnownFileType = sourcecode.c.h; path = ProfileViewController.h; sourceTree = "<group>"; };
		3ADF01621C61264900890117 /* ProfileViewController.m */ = {isa = PBXFileReference; fileEncoding = 4; lastKnownFileType = sourcecode.c.objc; path = ProfileViewController.m; sourceTree = "<group>"; };
		3ADF01641C61273100890117 /* MapKit.framework */ = {isa = PBXFileReference; lastKnownFileType = wrapper.framework; name = MapKit.framework; path = System/Library/Frameworks/MapKit.framework; sourceTree = SDKROOT; };
		3ADF01661C61278D00890117 /* CoreLocation.framework */ = {isa = PBXFileReference; lastKnownFileType = wrapper.framework; name = CoreLocation.framework; path = System/Library/Frameworks/CoreLocation.framework; sourceTree = SDKROOT; };
		3ADF016B1C6128E000890117 /* FilterViewController.h */ = {isa = PBXFileReference; fileEncoding = 4; lastKnownFileType = sourcecode.c.h; path = FilterViewController.h; sourceTree = "<group>"; };
		3ADF016C1C6128E000890117 /* FilterViewController.m */ = {isa = PBXFileReference; fileEncoding = 4; lastKnownFileType = sourcecode.c.objc; path = FilterViewController.m; sourceTree = "<group>"; };
		3ADF017C1C61392A00890117 /* FBSDKCoreKit.framework */ = {isa = PBXFileReference; lastKnownFileType = wrapper.framework; name = FBSDKCoreKit.framework; path = SixHands/FBSDKCoreKit.framework; sourceTree = "<group>"; };
		3ADF017D1C61392A00890117 /* FBSDKLoginKit.framework */ = {isa = PBXFileReference; lastKnownFileType = wrapper.framework; name = FBSDKLoginKit.framework; path = SixHands/FBSDKLoginKit.framework; sourceTree = "<group>"; };
		3ADF017E1C61392A00890117 /* FBSDKShareKit.framework */ = {isa = PBXFileReference; lastKnownFileType = wrapper.framework; name = FBSDKShareKit.framework; path = SixHands/FBSDKShareKit.framework; sourceTree = "<group>"; };
		3AF845DF1C65E48200F1707C /* ListViewController.h */ = {isa = PBXFileReference; fileEncoding = 4; lastKnownFileType = sourcecode.c.h; path = ListViewController.h; sourceTree = "<group>"; };
		3AF845E01C65E48200F1707C /* ListViewController.m */ = {isa = PBXFileReference; fileEncoding = 4; lastKnownFileType = sourcecode.c.objc; path = ListViewController.m; sourceTree = "<group>"; };
		640F28F77E2DA92AEE6DC49F /* libPods.a */ = {isa = PBXFileReference; explicitFileType = archive.ar; includeInIndex = 0; path = libPods.a; sourceTree = BUILT_PRODUCTS_DIR; };
		DB2D455C1C6B679F00151B2F /* GeneralDescriptionTableViewCell.h */ = {isa = PBXFileReference; fileEncoding = 4; lastKnownFileType = sourcecode.c.h; path = GeneralDescriptionTableViewCell.h; sourceTree = "<group>"; };
		DB2D455D1C6B679F00151B2F /* GeneralDescriptionTableViewCell.m */ = {isa = PBXFileReference; fileEncoding = 4; lastKnownFileType = sourcecode.c.objc; path = GeneralDescriptionTableViewCell.m; sourceTree = "<group>"; };
		DB2D455F1C6B848000151B2F /* InfoTableViewCell.h */ = {isa = PBXFileReference; fileEncoding = 4; lastKnownFileType = sourcecode.c.h; path = InfoTableViewCell.h; sourceTree = "<group>"; };
		DB2D45601C6B848000151B2F /* InfoTableViewCell.m */ = {isa = PBXFileReference; fileEncoding = 4; lastKnownFileType = sourcecode.c.objc; path = InfoTableViewCell.m; sourceTree = "<group>"; };
		DB2D45621C6B8AFF00151B2F /* DescriptionTableViewCell.h */ = {isa = PBXFileReference; fileEncoding = 4; lastKnownFileType = sourcecode.c.h; path = DescriptionTableViewCell.h; sourceTree = "<group>"; };
		DB2D45631C6B8AFF00151B2F /* DescriptionTableViewCell.m */ = {isa = PBXFileReference; fileEncoding = 4; lastKnownFileType = sourcecode.c.objc; path = DescriptionTableViewCell.m; sourceTree = "<group>"; };
		DB3ED3CD1C68E7AA00576E62 /* ChatViewController.h */ = {isa = PBXFileReference; fileEncoding = 4; lastKnownFileType = sourcecode.c.h; path = ChatViewController.h; sourceTree = "<group>"; };
		DB3ED3CE1C68E7AA00576E62 /* ChatViewController.m */ = {isa = PBXFileReference; fileEncoding = 4; lastKnownFileType = sourcecode.c.objc; path = ChatViewController.m; sourceTree = "<group>"; };
		DB4951FA1C5FBB4700745228 /* SixHands.app */ = {isa = PBXFileReference; explicitFileType = wrapper.application; includeInIndex = 0; path = SixHands.app; sourceTree = BUILT_PRODUCTS_DIR; };
		DB4951FE1C5FBB4700745228 /* main.m */ = {isa = PBXFileReference; lastKnownFileType = sourcecode.c.objc; path = main.m; sourceTree = "<group>"; };
		DB4952001C5FBB4700745228 /* AppDelegate.h */ = {isa = PBXFileReference; lastKnownFileType = sourcecode.c.h; path = AppDelegate.h; sourceTree = "<group>"; };
		DB4952011C5FBB4700745228 /* AppDelegate.m */ = {isa = PBXFileReference; lastKnownFileType = sourcecode.c.objc; path = AppDelegate.m; sourceTree = "<group>"; };
		DB4952071C5FBB4700745228 /* Base */ = {isa = PBXFileReference; lastKnownFileType = file.storyboard; name = Base; path = Base.lproj/Main.storyboard; sourceTree = "<group>"; };
		DB49520A1C5FBB4700745228 /* SixHands.xcdatamodel */ = {isa = PBXFileReference; lastKnownFileType = wrapper.xcdatamodel; path = SixHands.xcdatamodel; sourceTree = "<group>"; };
		DB49520C1C5FBB4700745228 /* Assets.xcassets */ = {isa = PBXFileReference; lastKnownFileType = folder.assetcatalog; path = Assets.xcassets; sourceTree = "<group>"; };
		DB49520F1C5FBB4700745228 /* Base */ = {isa = PBXFileReference; lastKnownFileType = file.storyboard; name = Base; path = Base.lproj/LaunchScreen.storyboard; sourceTree = "<group>"; };
		DB4952111C5FBB4700745228 /* Info.plist */ = {isa = PBXFileReference; lastKnownFileType = text.plist.xml; path = Info.plist; sourceTree = "<group>"; };
		DB4E28011C68B83600303437 /* ChatTableViewCell.h */ = {isa = PBXFileReference; fileEncoding = 4; lastKnownFileType = sourcecode.c.h; path = ChatTableViewCell.h; sourceTree = "<group>"; };
		DB4E28021C68B83600303437 /* ChatTableViewCell.m */ = {isa = PBXFileReference; fileEncoding = 4; lastKnownFileType = sourcecode.c.objc; path = ChatTableViewCell.m; sourceTree = "<group>"; };
		DB4E28041C68CF7300303437 /* Lato-Black.ttf */ = {isa = PBXFileReference; lastKnownFileType = file; name = "Lato-Black.ttf"; path = "Lato/Lato-Black.ttf"; sourceTree = "<group>"; };
		DB4E28051C68CF7300303437 /* Lato-BlackItalic.ttf */ = {isa = PBXFileReference; lastKnownFileType = file; name = "Lato-BlackItalic.ttf"; path = "Lato/Lato-BlackItalic.ttf"; sourceTree = "<group>"; };
		DB4E28061C68CF7300303437 /* Lato-Bold.ttf */ = {isa = PBXFileReference; lastKnownFileType = file; name = "Lato-Bold.ttf"; path = "Lato/Lato-Bold.ttf"; sourceTree = "<group>"; };
		DB4E28071C68CF7300303437 /* Lato-BoldItalic.ttf */ = {isa = PBXFileReference; lastKnownFileType = file; name = "Lato-BoldItalic.ttf"; path = "Lato/Lato-BoldItalic.ttf"; sourceTree = "<group>"; };
		DB4E28081C68CF7300303437 /* Lato-Hairline.ttf */ = {isa = PBXFileReference; lastKnownFileType = file; name = "Lato-Hairline.ttf"; path = "Lato/Lato-Hairline.ttf"; sourceTree = "<group>"; };
		DB4E28091C68CF7300303437 /* Lato-HairlineItalic.ttf */ = {isa = PBXFileReference; lastKnownFileType = file; name = "Lato-HairlineItalic.ttf"; path = "Lato/Lato-HairlineItalic.ttf"; sourceTree = "<group>"; };
		DB4E280A1C68CF7300303437 /* Lato-Heavy.ttf */ = {isa = PBXFileReference; lastKnownFileType = file; name = "Lato-Heavy.ttf"; path = "Lato/Lato-Heavy.ttf"; sourceTree = "<group>"; };
		DB4E280B1C68CF7300303437 /* Lato-HeavyItalic.ttf */ = {isa = PBXFileReference; lastKnownFileType = file; name = "Lato-HeavyItalic.ttf"; path = "Lato/Lato-HeavyItalic.ttf"; sourceTree = "<group>"; };
		DB4E280C1C68CF7300303437 /* Lato-Italic.ttf */ = {isa = PBXFileReference; lastKnownFileType = file; name = "Lato-Italic.ttf"; path = "Lato/Lato-Italic.ttf"; sourceTree = "<group>"; };
		DB4E280D1C68CF7300303437 /* Lato-Light.ttf */ = {isa = PBXFileReference; lastKnownFileType = file; name = "Lato-Light.ttf"; path = "Lato/Lato-Light.ttf"; sourceTree = "<group>"; };
		DB4E280E1C68CF7300303437 /* Lato-LightItalic.ttf */ = {isa = PBXFileReference; lastKnownFileType = file; name = "Lato-LightItalic.ttf"; path = "Lato/Lato-LightItalic.ttf"; sourceTree = "<group>"; };
		DB4E280F1C68CF7300303437 /* Lato-Medium.ttf */ = {isa = PBXFileReference; lastKnownFileType = file; name = "Lato-Medium.ttf"; path = "Lato/Lato-Medium.ttf"; sourceTree = "<group>"; };
		DB4E28101C68CF7300303437 /* Lato-MediumItalic.ttf */ = {isa = PBXFileReference; lastKnownFileType = file; name = "Lato-MediumItalic.ttf"; path = "Lato/Lato-MediumItalic.ttf"; sourceTree = "<group>"; };
		DB4E28111C68CF7300303437 /* Lato-Regular.ttf */ = {isa = PBXFileReference; lastKnownFileType = file; name = "Lato-Regular.ttf"; path = "Lato/Lato-Regular.ttf"; sourceTree = "<group>"; };
		DB4E28121C68CF7300303437 /* Lato-Semibold.ttf */ = {isa = PBXFileReference; lastKnownFileType = file; name = "Lato-Semibold.ttf"; path = "Lato/Lato-Semibold.ttf"; sourceTree = "<group>"; };
		DB608E1D1C6F7D4C007D33CB /* ContainerScrollViewController.h */ = {isa = PBXFileReference; fileEncoding = 4; lastKnownFileType = sourcecode.c.h; path = ContainerScrollViewController.h; sourceTree = "<group>"; };
		DB608E1E1C6F7D4C007D33CB /* ContainerScrollViewController.m */ = {isa = PBXFileReference; fileEncoding = 4; lastKnownFileType = sourcecode.c.objc; path = ContainerScrollViewController.m; sourceTree = "<group>"; };
		DB608E201C6F7EB8007D33CB /* FirstScrollViewController.h */ = {isa = PBXFileReference; fileEncoding = 4; lastKnownFileType = sourcecode.c.h; path = FirstScrollViewController.h; sourceTree = "<group>"; };
		DB608E211C6F7EB8007D33CB /* FirstScrollViewController.m */ = {isa = PBXFileReference; fileEncoding = 4; lastKnownFileType = sourcecode.c.objc; path = FirstScrollViewController.m; sourceTree = "<group>"; };
		DB608E231C6F7EC7007D33CB /* SecondScrollViewController.h */ = {isa = PBXFileReference; fileEncoding = 4; lastKnownFileType = sourcecode.c.h; path = SecondScrollViewController.h; sourceTree = "<group>"; };
		DB608E241C6F7EC7007D33CB /* SecondScrollViewController.m */ = {isa = PBXFileReference; fileEncoding = 4; lastKnownFileType = sourcecode.c.objc; path = SecondScrollViewController.m; sourceTree = "<group>"; };
		DB608E261C6F7ED4007D33CB /* ThirdScrollViewController.h */ = {isa = PBXFileReference; fileEncoding = 4; lastKnownFileType = sourcecode.c.h; path = ThirdScrollViewController.h; sourceTree = "<group>"; };
		DB608E271C6F7ED4007D33CB /* ThirdScrollViewController.m */ = {isa = PBXFileReference; fileEncoding = 4; lastKnownFileType = sourcecode.c.objc; path = ThirdScrollViewController.m; sourceTree = "<group>"; };
		DB6DED5D1C675F2600A263B5 /* FloatTabBarViewController.h */ = {isa = PBXFileReference; fileEncoding = 4; lastKnownFileType = sourcecode.c.h; path = FloatTabBarViewController.h; sourceTree = "<group>"; };
		DB6DED5E1C675F2600A263B5 /* FloatTabBarViewController.m */ = {isa = PBXFileReference; fileEncoding = 4; lastKnownFileType = sourcecode.c.objc; path = FloatTabBarViewController.m; sourceTree = "<group>"; };
		DB6DED601C675FD000A263B5 /* SWRevealViewController.h */ = {isa = PBXFileReference; fileEncoding = 4; lastKnownFileType = sourcecode.c.h; path = SWRevealViewController.h; sourceTree = "<group>"; };
		DB6DED611C675FD000A263B5 /* SWRevealViewController.m */ = {isa = PBXFileReference; fileEncoding = 4; lastKnownFileType = sourcecode.c.objc; path = SWRevealViewController.m; sourceTree = "<group>"; };
		DB95483B1C6957F1007F79D2 /* SubwayView.h */ = {isa = PBXFileReference; fileEncoding = 4; lastKnownFileType = sourcecode.c.h; path = SubwayView.h; sourceTree = "<group>"; };
		DB95483C1C6957F1007F79D2 /* SubwayView.m */ = {isa = PBXFileReference; fileEncoding = 4; lastKnownFileType = sourcecode.c.objc; path = SubwayView.m; sourceTree = "<group>"; };
		DB95483E1C6AA7D3007F79D2 /* ScrollFlatTableViewCell.h */ = {isa = PBXFileReference; fileEncoding = 4; lastKnownFileType = sourcecode.c.h; path = ScrollFlatTableViewCell.h; sourceTree = "<group>"; };
		DB95483F1C6AA7D3007F79D2 /* ScrollFlatTableViewCell.m */ = {isa = PBXFileReference; fileEncoding = 4; lastKnownFileType = sourcecode.c.objc; path = ScrollFlatTableViewCell.m; sourceTree = "<group>"; };
		DB9FE4A11C6C1ACF00DD27F5 /* SettingsViewController.h */ = {isa = PBXFileReference; fileEncoding = 4; lastKnownFileType = sourcecode.c.h; path = SettingsViewController.h; sourceTree = "<group>"; };
		DB9FE4A21C6C1ACF00DD27F5 /* SettingsViewController.m */ = {isa = PBXFileReference; fileEncoding = 4; lastKnownFileType = sourcecode.c.objc; path = SettingsViewController.m; sourceTree = "<group>"; };
		DB9FE4A41C6F616B00DD27F5 /* TempViewController.h */ = {isa = PBXFileReference; fileEncoding = 4; lastKnownFileType = sourcecode.c.h; path = TempViewController.h; sourceTree = "<group>"; };
		DB9FE4A51C6F616B00DD27F5 /* TempViewController.m */ = {isa = PBXFileReference; fileEncoding = 4; lastKnownFileType = sourcecode.c.objc; path = TempViewController.m; sourceTree = "<group>"; };
		DBC806491C5FBC9A00E84FC2 /* Podfile */ = {isa = PBXFileReference; fileEncoding = 4; lastKnownFileType = text; path = Podfile; sourceTree = SOURCE_ROOT; xcLanguageSpecificationIdentifier = xcode.lang.ruby; };
/* End PBXFileReference section */

/* Begin PBXFrameworksBuildPhase section */
		DB4951F71C5FBB4700745228 /* Frameworks */ = {
			isa = PBXFrameworksBuildPhase;
			buildActionMask = 2147483647;
			files = (
				3ADF017F1C61392A00890117 /* FBSDKCoreKit.framework in Frameworks */,
				3ADF01801C61392A00890117 /* FBSDKLoginKit.framework in Frameworks */,
				3ADF01811C61392A00890117 /* FBSDKShareKit.framework in Frameworks */,
				3ADF01671C61278D00890117 /* CoreLocation.framework in Frameworks */,
				3ADF01651C61273100890117 /* MapKit.framework in Frameworks */,
				A2567A257419FE9008F6F5F1 /* libPods.a in Frameworks */,
			);
			runOnlyForDeploymentPostprocessing = 0;
		};
/* End PBXFrameworksBuildPhase section */

/* Begin PBXGroup section */
		1EF6F808A59671677D06E0CF /* Pods */ = {
			isa = PBXGroup;
			children = (
				11A7A4175B5D4E47AB7DC9DD /* Pods.debug.xcconfig */,
				2CA40AE8DF16200438B272FC /* Pods.release.xcconfig */,
			);
			name = Pods;
			sourceTree = "<group>";
		};
		3A3F9F3F1C661F3100E5E8AC /* Group of pins */ = {
			isa = PBXGroup;
			children = (
				3A3F9F5F1C661FA500E5E8AC /* GClusterAlgorithm.h */,
				3A3F9F601C661FA500E5E8AC /* GQuadItem.h */,
				3A3F9F611C661FA500E5E8AC /* GQuadItem.m */,
				3A3F9F621C661FA500E5E8AC /* GStaticCluster.h */,
				3A3F9F631C661FA500E5E8AC /* GStaticCluster.m */,
				3A3F9F641C661FA500E5E8AC /* NonHierarchicalDistanceBasedAlgorithm.h */,
				3A3F9F651C661FA500E5E8AC /* NonHierarchicalDistanceBasedAlgorithm.m */,
				3A3F9F661C661FA500E5E8AC /* GCluster.h */,
				3A3F9F671C661FA500E5E8AC /* GClusterItem.h */,
				3A3F9F681C661FA500E5E8AC /* GClusterManager.h */,
				3A3F9F691C661FA500E5E8AC /* GClusterManager.m */,
				3A3F9F6E1C661FB200E5E8AC /* GClusterRenderer.h */,
				3A3F9F6F1C661FB200E5E8AC /* GDefaultClusterRenderer.h */,
				3A3F9F701C661FB200E5E8AC /* GDefaultClusterRenderer.m */,
				3A3F9F721C661FBD00E5E8AC /* SphericalMercatorProjection.h */,
				3A3F9F731C661FBD00E5E8AC /* SphericalMercatorProjection.m */,
				3A3F9F751C661FC700E5E8AC /* GQTBounds.h */,
				3A3F9F761C661FC700E5E8AC /* GQTPoint.h */,
				3A3F9F771C661FC700E5E8AC /* GQTPointQuadTree.h */,
				3A3F9F781C661FC700E5E8AC /* GQTPointQuadTree.m */,
				3A3F9F791C661FC700E5E8AC /* GQTPointQuadTreeChild.h */,
				3A3F9F7A1C661FC700E5E8AC /* GQTPointQuadTreeChild.m */,
				3A3F9F7B1C661FC700E5E8AC /* GQTPointQuadTreeItem.h */,
				3A3F9F7E1C6621E300E5E8AC /* Spot.h */,
				3A3F9F7F1C6621E300E5E8AC /* Spot.m */,
			);
			name = "Group of pins";
			sourceTree = "<group>";
		};
		3A4BD5DB1C68DD1F00936862 /* CoreData */ = {
			isa = PBXGroup;
			children = (
				3A4BD5DC1C68DD3300936862 /* Models */,
			);
			name = CoreData;
			sourceTree = "<group>";
		};
		3A4BD5DC1C68DD3300936862 /* Models */ = {
			isa = PBXGroup;
			children = (
				3A4BD5C31C68DCC900936862 /* Flats+CoreDataProperties.h */,
				3A4BD5C41C68DCC900936862 /* Flats+CoreDataProperties.m */,
				3A4BD5C51C68DCC900936862 /* Flats.h */,
				3A4BD5C61C68DCC900936862 /* Flats.m */,
				3A4BD5C71C68DCC900936862 /* Filter+CoreDataProperties.h */,
				3A4BD5C81C68DCC900936862 /* Filter+CoreDataProperties.m */,
				3A4BD5C91C68DCC900936862 /* Filter.h */,
				3A4BD5CA1C68DCC900936862 /* Filter.m */,
				3A4BD5CB1C68DCC900936862 /* Messages+CoreDataProperties.h */,
				3A4BD5CC1C68DCC900936862 /* Messages+CoreDataProperties.m */,
				3A4BD5CD1C68DCC900936862 /* Messages.h */,
				3A4BD5CE1C68DCC900936862 /* Messages.m */,
				3A4BD5CF1C68DCC900936862 /* Users+CoreDataProperties.h */,
				3A4BD5D01C68DCC900936862 /* Users+CoreDataProperties.m */,
				3A4BD5D11C68DCC900936862 /* Users.h */,
				3A4BD5D21C68DCC900936862 /* Users.m */,
			);
			name = Models;
			sourceTree = "<group>";
		};
		3A8A7E9B1C66A803005946C0 /* SHSPhone */ = {
			isa = PBXGroup;
			children = (
				3A8A7EAC1C66A836005946C0 /* SHSFlagAccessoryView.h */,
				3A8A7EAD1C66A836005946C0 /* SHSFlagAccessoryView.m */,
				3A8A7EAE1C66A836005946C0 /* SHSPhoneLibrary.h */,
				3A8A7EAF1C66A836005946C0 /* SHSPhoneLogic.h */,
				3A8A7EB01C66A836005946C0 /* SHSPhoneLogic.m */,
				3A8A7EB11C66A836005946C0 /* SHSPhoneNumberFormatter.h */,
				3A8A7EB21C66A836005946C0 /* SHSPhoneNumberFormatter.m */,
				3A8A7EB31C66A836005946C0 /* SHSPhoneNumberFormatter+UserConfig.h */,
				3A8A7EB41C66A836005946C0 /* SHSPhoneNumberFormatter+UserConfig.m */,
				3A8A7EB51C66A836005946C0 /* SHSPhoneTextField.h */,
				3A8A7EB61C66A836005946C0 /* SHSPhoneTextField.m */,
			);
			name = SHSPhone;
			sourceTree = "<group>";
		};
		3A93F33B1C6557A600E6B900 /* Fonts */ = {
			isa = PBXGroup;
			children = (
				3A93F33C1C6557B400E6B900 /* GothamProBlack.ttf */,
				DB4E28041C68CF7300303437 /* Lato-Black.ttf */,
				DB4E28051C68CF7300303437 /* Lato-BlackItalic.ttf */,
				DB4E28061C68CF7300303437 /* Lato-Bold.ttf */,
				DB4E28071C68CF7300303437 /* Lato-BoldItalic.ttf */,
				DB4E28081C68CF7300303437 /* Lato-Hairline.ttf */,
				DB4E28091C68CF7300303437 /* Lato-HairlineItalic.ttf */,
				DB4E280A1C68CF7300303437 /* Lato-Heavy.ttf */,
				DB4E280B1C68CF7300303437 /* Lato-HeavyItalic.ttf */,
				DB4E280C1C68CF7300303437 /* Lato-Italic.ttf */,
				DB4E280D1C68CF7300303437 /* Lato-Light.ttf */,
				DB4E280E1C68CF7300303437 /* Lato-LightItalic.ttf */,
				DB4E280F1C68CF7300303437 /* Lato-Medium.ttf */,
				DB4E28101C68CF7300303437 /* Lato-MediumItalic.ttf */,
				DB4E28111C68CF7300303437 /* Lato-Regular.ttf */,
				DB4E28121C68CF7300303437 /* Lato-Semibold.ttf */,
				3A93F33D1C6557B400E6B900 /* GothamProBlackItalic.ttf */,
				3A93F33E1C6557B400E6B900 /* GothamProBold.ttf */,
				3A93F33F1C6557B400E6B900 /* GothamProBoldItalic.ttf */,
				3A93F3401C6557B400E6B900 /* GothamProItalic.ttf */,
				3A93F3411C6557B400E6B900 /* GothamProLight.ttf */,
				3A93F3421C6557B400E6B900 /* GothamProLightItalic.ttf */,
				3A93F3431C6557B400E6B900 /* GothamProMedium.ttf */,
				3A93F3441C6557B400E6B900 /* GothamProMediumItalic.ttf */,
				3A93F3451C6557B400E6B900 /* GothamProRegular.ttf */,
			);
			name = Fonts;
			sourceTree = "<group>";
		};
		3ADF016E1C6129D100890117 /* Menu */ = {
			isa = PBXGroup;
			children = (
				DB6DED601C675FD000A263B5 /* SWRevealViewController.h */,
				DB6DED611C675FD000A263B5 /* SWRevealViewController.m */,
				3ADF016B1C6128E000890117 /* FilterViewController.h */,
				3ADF016C1C6128E000890117 /* FilterViewController.m */,
			);
			name = Menu;
			sourceTree = "<group>";
		};
		6F1686D7F7928841B9689BC0 /* Frameworks */ = {
			isa = PBXGroup;
			children = (
				3A8A7EBF1C6777FD005946C0 /* libTTRangeSlider.a */,
				3ADF017C1C61392A00890117 /* FBSDKCoreKit.framework */,
				3ADF017D1C61392A00890117 /* FBSDKLoginKit.framework */,
				3ADF017E1C61392A00890117 /* FBSDKShareKit.framework */,
				3ADF01661C61278D00890117 /* CoreLocation.framework */,
				3ADF01641C61273100890117 /* MapKit.framework */,
				640F28F77E2DA92AEE6DC49F /* libPods.a */,
			);
			name = Frameworks;
			sourceTree = "<group>";
		};
		DB3ED3C41C68E33900576E62 /* Models */ = {
			isa = PBXGroup;
			children = (
				3A3F9F811C66559F00E5E8AC /* ModelViewController.h */,
				3A3F9F821C66559F00E5E8AC /* ModelViewController.m */,
				DB4952001C5FBB4700745228 /* AppDelegate.h */,
				DB4952011C5FBB4700745228 /* AppDelegate.m */,
				3A4BD5BA1C68CBDD00936862 /* DataManager.h */,
				3A4BD5BB1C68CBDD00936862 /* DataManager.m */,
				3A8A7E9B1C66A803005946C0 /* SHSPhone */,
				3A3F9F3F1C661F3100E5E8AC /* Group of pins */,
				3A4BD5DB1C68DD1F00936862 /* CoreData */,
			);
			name = Models;
			sourceTree = "<group>";
		};
		DB3ED3C61C68E34C00576E62 /* Views */ = {
			isa = PBXGroup;
			children = (
				DB4E28001C68B7B700303437 /* Cells */,
				DB95483B1C6957F1007F79D2 /* SubwayView.h */,
				DB95483C1C6957F1007F79D2 /* SubwayView.m */,
			);
			name = Views;
			sourceTree = "<group>";
		};
		DB3ED3C81C68E35700576E62 /* Controllers */ = {
			isa = PBXGroup;
			children = (
				DB6DED5D1C675F2600A263B5 /* FloatTabBarViewController.h */,
				DB6DED5E1C675F2600A263B5 /* FloatTabBarViewController.m */,
				DB608E2A1C70BBBE007D33CB /* Settings */,
				DB3ED3CC1C68E78500576E62 /* Profile */,
				DB3ED3C91C68E3A500576E62 /* Start */,
				DB3ED3CB1C68E41A00576E62 /* Messages */,
				DB3ED3CA1C68E3CC00576E62 /* Flat */,
				3ADF016E1C6129D100890117 /* Menu */,
			);
			name = Controllers;
			sourceTree = "<group>";
		};
		DB3ED3C91C68E3A500576E62 /* Start */ = {
			isa = PBXGroup;
			children = (
				3ADF01551C6125F300890117 /* LoginViewController.h */,
				3ADF01561C6125F300890117 /* LoginViewController.m */,
				3A3F9F841C66A69700E5E8AC /* PhoneViewController.h */,
				3A3F9F851C66A69700E5E8AC /* PhoneViewController.m */,
			);
			name = Start;
			sourceTree = "<group>";
		};
		DB3ED3CA1C68E3CC00576E62 /* Flat */ = {
			isa = PBXGroup;
			children = (
				3ADF01581C61260200890117 /* MapViewController.h */,
				3ADF01591C61260200890117 /* MapViewController.m */,
				3AF845DF1C65E48200F1707C /* ListViewController.h */,
				3AF845E01C65E48200F1707C /* ListViewController.m */,
				3ACF4BEA1C624DF70045D992 /* FlatViewController.h */,
				3ACF4BEB1C624DF70045D992 /* FlatViewController.m */,
			);
			name = Flat;
			sourceTree = "<group>";
		};
		DB3ED3CB1C68E41A00576E62 /* Messages */ = {
			isa = PBXGroup;
			children = (
				3ADF015E1C61261F00890117 /* MessViewController.h */,
				3ADF015F1C61261F00890117 /* MessViewController.m */,
				DB3ED3CD1C68E7AA00576E62 /* ChatViewController.h */,
				DB3ED3CE1C68E7AA00576E62 /* ChatViewController.m */,
			);
			name = Messages;
			sourceTree = "<group>";
		};
		DB3ED3CC1C68E78500576E62 /* Profile */ = {
			isa = PBXGroup;
			children = (
				3ADF01611C61264900890117 /* ProfileViewController.h */,
				3ADF01621C61264900890117 /* ProfileViewController.m */,
			);
			name = Profile;
			sourceTree = "<group>";
		};
		DB4951F11C5FBB4700745228 = {
			isa = PBXGroup;
			children = (
				DB4951FC1C5FBB4700745228 /* SixHands */,
				DB4951FB1C5FBB4700745228 /* Products */,
				1EF6F808A59671677D06E0CF /* Pods */,
				6F1686D7F7928841B9689BC0 /* Frameworks */,
			);
			sourceTree = "<group>";
		};
		DB4951FB1C5FBB4700745228 /* Products */ = {
			isa = PBXGroup;
			children = (
				DB4951FA1C5FBB4700745228 /* SixHands.app */,
			);
			name = Products;
			sourceTree = "<group>";
		};
		DB4951FC1C5FBB4700745228 /* SixHands */ = {
			isa = PBXGroup;
			children = (
				DB3ED3C81C68E35700576E62 /* Controllers */,
				DB3ED3C61C68E34C00576E62 /* Views */,
				DB3ED3C41C68E33900576E62 /* Models */,
				DB4952001C5FBB4700745228 /* AppDelegate.h */,
				DB4952011C5FBB4700745228 /* AppDelegate.m */,
				3ADF01551C6125F300890117 /* LoginViewController.h */,
				3ADF01561C6125F300890117 /* LoginViewController.m */,
				3A3F9F841C66A69700E5E8AC /* PhoneViewController.h */,
				3A3F9F851C66A69700E5E8AC /* PhoneViewController.m */,
				3ACF4BEA1C624DF70045D992 /* FlatViewController.h */,
				3ACF4BEB1C624DF70045D992 /* FlatViewController.m */,
				3A3F9F811C66559F00E5E8AC /* ModelViewController.h */,
				3A3F9F821C66559F00E5E8AC /* ModelViewController.m */,
				DB4E28001C68B7B700303437 /* Cells */,
				3A8A7EBC1C6747AF005946C0 /* ListTableViewCell.h */,
				3A8A7EBD1C6747AF005946C0 /* ListTableViewCell.m */,
				3A4BD5DB1C68DD1F00936862 /* CoreData */,
				3A4BD5BA1C68CBDD00936862 /* DataManager.h */,
				3A4BD5BB1C68CBDD00936862 /* DataManager.m */,
				3A8A7E9B1C66A803005946C0 /* SHSPhone */,
				3A3F9F3F1C661F3100E5E8AC /* Group of pins */,
				3ADF016F1C6129DB00890117 /* TabBar Controllers */,
				3ADF016E1C6129D100890117 /* Menu Controllers */,
				DB4952061C5FBB4700745228 /* Main.storyboard */,
				DB49520C1C5FBB4700745228 /* Assets.xcassets */,
				DB49520E1C5FBB4700745228 /* LaunchScreen.storyboard */,
				DB4952111C5FBB4700745228 /* Info.plist */,
				DBC806491C5FBC9A00E84FC2 /* Podfile */,
				DB4952091C5FBB4700745228 /* SixHands.xcdatamodeld */,
				DB4951FD1C5FBB4700745228 /* Supporting Files */,
				DB9FE4A41C6F616B00DD27F5 /* TempViewController.h */,
				DB9FE4A51C6F616B00DD27F5 /* TempViewController.m */,
				DB608E291C6F7F3B007D33CB /* Scroll */,
			);
			path = SixHands;
			sourceTree = "<group>";
		};
		DB4951FD1C5FBB4700745228 /* Supporting Files */ = {
			isa = PBXGroup;
			children = (
				3A93F33B1C6557A600E6B900 /* Fonts */,
				DB4951FE1C5FBB4700745228 /* main.m */,
			);
			name = "Supporting Files";
			sourceTree = "<group>";
		};
		DB4E28001C68B7B700303437 /* Cells */ = {
			isa = PBXGroup;
			children = (
				DB2D455C1C6B679F00151B2F /* GeneralDescriptionTableViewCell.h */,
				DB2D455D1C6B679F00151B2F /* GeneralDescriptionTableViewCell.m */,
				3A8A7EBC1C6747AF005946C0 /* ListTableViewCell.h */,
				3A8A7EBD1C6747AF005946C0 /* ListTableViewCell.m */,
				DB2D455F1C6B848000151B2F /* InfoTableViewCell.h */,
				DB2D45601C6B848000151B2F /* InfoTableViewCell.m */,
				DB2D45621C6B8AFF00151B2F /* DescriptionTableViewCell.h */,
				DB2D45631C6B8AFF00151B2F /* DescriptionTableViewCell.m */,
				DB4E28011C68B83600303437 /* ChatTableViewCell.h */,
				DB4E28021C68B83600303437 /* ChatTableViewCell.m */,
				DB95483F1C6AA7D3007F79D2 /* ScrollFlatTableViewCell.m */,
				DB95483E1C6AA7D3007F79D2 /* ScrollFlatTableViewCell.h */,
			);
			name = Cells;
			sourceTree = "<group>";
		};
		DB608E291C6F7F3B007D33CB /* Scroll */ = {
			isa = PBXGroup;
			children = (
				DB608E1D1C6F7D4C007D33CB /* ContainerScrollViewController.h */,
				DB608E1E1C6F7D4C007D33CB /* ContainerScrollViewController.m */,
				DB608E201C6F7EB8007D33CB /* FirstScrollViewController.h */,
				DB608E211C6F7EB8007D33CB /* FirstScrollViewController.m */,
				DB608E231C6F7EC7007D33CB /* SecondScrollViewController.h */,
				DB608E241C6F7EC7007D33CB /* SecondScrollViewController.m */,
				DB608E261C6F7ED4007D33CB /* ThirdScrollViewController.h */,
				DB608E271C6F7ED4007D33CB /* ThirdScrollViewController.m */,
			);
			name = Scroll;
			sourceTree = "<group>";
		};
		DB608E2A1C70BBBE007D33CB /* Settings */ = {
			isa = PBXGroup;
			children = (
				DB9FE4A11C6C1ACF00DD27F5 /* SettingsViewController.h */,
				DB9FE4A21C6C1ACF00DD27F5 /* SettingsViewController.m */,
			);
			name = Settings;
			sourceTree = "<group>";
		};
/* End PBXGroup section */

/* Begin PBXNativeTarget section */
		DB4951F91C5FBB4700745228 /* SixHands */ = {
			isa = PBXNativeTarget;
			buildConfigurationList = DB4952141C5FBB4700745228 /* Build configuration list for PBXNativeTarget "SixHands" */;
			buildPhases = (
				880D56543FD552E4444A3D02 /* Check Pods Manifest.lock */,
				DB4951F61C5FBB4700745228 /* Sources */,
				DB4951F71C5FBB4700745228 /* Frameworks */,
				DB4951F81C5FBB4700745228 /* Resources */,
				1EF89E69CBE6CBE255104376 /* Embed Pods Frameworks */,
				CB271259695ED3D9AFB4EF91 /* Copy Pods Resources */,
			);
			buildRules = (
			);
			dependencies = (
			);
			name = SixHands;
			productName = SixHands;
			productReference = DB4951FA1C5FBB4700745228 /* SixHands.app */;
			productType = "com.apple.product-type.application";
		};
/* End PBXNativeTarget section */

/* Begin PBXProject section */
		DB4951F21C5FBB4700745228 /* Project object */ = {
			isa = PBXProject;
			attributes = {
				LastUpgradeCheck = 0720;
				ORGANIZATIONNAME = Styleru;
				TargetAttributes = {
					DB4951F91C5FBB4700745228 = {
						CreatedOnToolsVersion = 7.2;
						DevelopmentTeam = 9W968RZS7A;
					};
				};
			};
			buildConfigurationList = DB4951F51C5FBB4700745228 /* Build configuration list for PBXProject "SixHands" */;
			compatibilityVersion = "Xcode 3.2";
			developmentRegion = English;
			hasScannedForEncodings = 0;
			knownRegions = (
				en,
				Base,
			);
			mainGroup = DB4951F11C5FBB4700745228;
			productRefGroup = DB4951FB1C5FBB4700745228 /* Products */;
			projectDirPath = "";
			projectRoot = "";
			targets = (
				DB4951F91C5FBB4700745228 /* SixHands */,
			);
		};
/* End PBXProject section */

/* Begin PBXResourcesBuildPhase section */
		DB4951F81C5FBB4700745228 /* Resources */ = {
			isa = PBXResourcesBuildPhase;
			buildActionMask = 2147483647;
			files = (
				DB4E28191C68CF7300303437 /* Lato-Heavy.ttf in Resources */,
				DB4E281E1C68CF7300303437 /* Lato-Medium.ttf in Resources */,
				DB4E28141C68CF7300303437 /* Lato-BlackItalic.ttf in Resources */,
				DB4E28171C68CF7300303437 /* Lato-Hairline.ttf in Resources */,
				DB4E28181C68CF7300303437 /* Lato-HairlineItalic.ttf in Resources */,
				3A93F3461C655A9200E6B900 /* GothamProBlack.ttf in Resources */,
				3A93F3471C655A9200E6B900 /* GothamProBlackItalic.ttf in Resources */,
				DB4E281B1C68CF7300303437 /* Lato-Italic.ttf in Resources */,
				DB4E28161C68CF7300303437 /* Lato-BoldItalic.ttf in Resources */,
				DB4E28211C68CF7300303437 /* Lato-Semibold.ttf in Resources */,
				3A93F3481C655A9200E6B900 /* GothamProBold.ttf in Resources */,
				3A93F3491C655A9200E6B900 /* GothamProBoldItalic.ttf in Resources */,
				DB4E28201C68CF7300303437 /* Lato-Regular.ttf in Resources */,
				3A93F34A1C655A9200E6B900 /* GothamProItalic.ttf in Resources */,
				3A93F34B1C655A9200E6B900 /* GothamProLight.ttf in Resources */,
				3A93F34C1C655A9200E6B900 /* GothamProLightItalic.ttf in Resources */,
				3A93F34D1C655A9200E6B900 /* GothamProMedium.ttf in Resources */,
				3A93F34E1C655A9200E6B900 /* GothamProMediumItalic.ttf in Resources */,
				DB4E281C1C68CF7300303437 /* Lato-Light.ttf in Resources */,
				DB4E281D1C68CF7300303437 /* Lato-LightItalic.ttf in Resources */,
				DB4E281F1C68CF7300303437 /* Lato-MediumItalic.ttf in Resources */,
				3A93F34F1C655A9200E6B900 /* GothamProRegular.ttf in Resources */,
				DB4E28151C68CF7300303437 /* Lato-Bold.ttf in Resources */,
				DB4E281A1C68CF7300303437 /* Lato-HeavyItalic.ttf in Resources */,
				DB4952101C5FBB4700745228 /* LaunchScreen.storyboard in Resources */,
				DB49520D1C5FBB4700745228 /* Assets.xcassets in Resources */,
				DBC8064A1C5FBC9A00E84FC2 /* Podfile in Resources */,
				DB4E28131C68CF7300303437 /* Lato-Black.ttf in Resources */,
				DB4952081C5FBB4700745228 /* Main.storyboard in Resources */,
			);
			runOnlyForDeploymentPostprocessing = 0;
		};
/* End PBXResourcesBuildPhase section */

/* Begin PBXShellScriptBuildPhase section */
		1EF89E69CBE6CBE255104376 /* Embed Pods Frameworks */ = {
			isa = PBXShellScriptBuildPhase;
			buildActionMask = 2147483647;
			files = (
			);
			inputPaths = (
			);
			name = "Embed Pods Frameworks";
			outputPaths = (
			);
			runOnlyForDeploymentPostprocessing = 0;
			shellPath = /bin/sh;
			shellScript = "\"${SRCROOT}/Pods/Target Support Files/Pods/Pods-frameworks.sh\"\n";
			showEnvVarsInLog = 0;
		};
		880D56543FD552E4444A3D02 /* Check Pods Manifest.lock */ = {
			isa = PBXShellScriptBuildPhase;
			buildActionMask = 2147483647;
			files = (
			);
			inputPaths = (
			);
			name = "Check Pods Manifest.lock";
			outputPaths = (
			);
			runOnlyForDeploymentPostprocessing = 0;
			shellPath = /bin/sh;
			shellScript = "diff \"${PODS_ROOT}/../Podfile.lock\" \"${PODS_ROOT}/Manifest.lock\" > /dev/null\nif [[ $? != 0 ]] ; then\n    cat << EOM\nerror: The sandbox is not in sync with the Podfile.lock. Run 'pod install' or update your CocoaPods installation.\nEOM\n    exit 1\nfi\n";
			showEnvVarsInLog = 0;
		};
		CB271259695ED3D9AFB4EF91 /* Copy Pods Resources */ = {
			isa = PBXShellScriptBuildPhase;
			buildActionMask = 2147483647;
			files = (
			);
			inputPaths = (
			);
			name = "Copy Pods Resources";
			outputPaths = (
			);
			runOnlyForDeploymentPostprocessing = 0;
			shellPath = /bin/sh;
			shellScript = "\"${SRCROOT}/Pods/Target Support Files/Pods/Pods-resources.sh\"\n";
			showEnvVarsInLog = 0;
		};
/* End PBXShellScriptBuildPhase section */

/* Begin PBXSourcesBuildPhase section */
		DB4951F61C5FBB4700745228 /* Sources */ = {
			isa = PBXSourcesBuildPhase;
			buildActionMask = 2147483647;
			files = (
				3A4BD5D41C68DCC900936862 /* Flats.m in Sources */,
				DB2D45611C6B848000151B2F /* InfoTableViewCell.m in Sources */,
				3A8A7EB71C66A836005946C0 /* SHSFlagAccessoryView.m in Sources */,
				DB608E221C6F7EB8007D33CB /* FirstScrollViewController.m in Sources */,
				3A3F9F7C1C661FC700E5E8AC /* GQTPointQuadTree.m in Sources */,
				DB2D455E1C6B679F00151B2F /* GeneralDescriptionTableViewCell.m in Sources */,
				3A8A7EBE1C6747AF005946C0 /* ListTableViewCell.m in Sources */,
				3A8A7EBA1C66A836005946C0 /* SHSPhoneNumberFormatter+UserConfig.m in Sources */,
				3A3F9F711C661FB200E5E8AC /* GDefaultClusterRenderer.m in Sources */,
				3A3F9F741C661FBD00E5E8AC /* SphericalMercatorProjection.m in Sources */,
				3A8A7EB81C66A836005946C0 /* SHSPhoneLogic.m in Sources */,
				3A3F9F6A1C661FA500E5E8AC /* GQuadItem.m in Sources */,
				DB9FE4A31C6C1ACF00DD27F5 /* SettingsViewController.m in Sources */,
				3A3F9F6B1C661FA500E5E8AC /* GStaticCluster.m in Sources */,
				3ADF01631C61264900890117 /* ProfileViewController.m in Sources */,
				DB4952021C5FBB4700745228 /* AppDelegate.m in Sources */,
				DB2D45641C6B8AFF00151B2F /* DescriptionTableViewCell.m in Sources */,
				3A8A7EB91C66A836005946C0 /* SHSPhoneNumberFormatter.m in Sources */,
				3AF845E11C65E48200F1707C /* ListViewController.m in Sources */,
				3A4BD5D71C68DCC900936862 /* Messages+CoreDataProperties.m in Sources */,
				3A3F9F801C6621E300E5E8AC /* Spot.m in Sources */,
				DB608E281C6F7ED4007D33CB /* ThirdScrollViewController.m in Sources */,
				DB608E251C6F7EC7007D33CB /* SecondScrollViewController.m in Sources */,
				DB3ED3CF1C68E7AA00576E62 /* ChatViewController.m in Sources */,
				3A4BD5D81C68DCC900936862 /* Messages.m in Sources */,
				3A3F9F6C1C661FA500E5E8AC /* NonHierarchicalDistanceBasedAlgorithm.m in Sources */,
				DB4951FF1C5FBB4700745228 /* main.m in Sources */,
				3A8A7EBB1C66A836005946C0 /* SHSPhoneTextField.m in Sources */,
				DB6DED621C675FD000A263B5 /* SWRevealViewController.m in Sources */,
				DB4E28031C68B83600303437 /* ChatTableViewCell.m in Sources */,
				DB608E1F1C6F7D4C007D33CB /* ContainerScrollViewController.m in Sources */,
				DB6DED5F1C675F2600A263B5 /* FloatTabBarViewController.m in Sources */,
				3ADF015A1C61260200890117 /* MapViewController.m in Sources */,
				DB49520B1C5FBB4700745228 /* SixHands.xcdatamodeld in Sources */,
				3ACF4BEC1C624DF70045D992 /* FlatViewController.m in Sources */,
				3A4BD5BC1C68CBDD00936862 /* DataManager.m in Sources */,
				3A4BD5D61C68DCC900936862 /* Filter.m in Sources */,
				3ADF01571C6125F300890117 /* LoginViewController.m in Sources */,
				3A4BD5D31C68DCC900936862 /* Flats+CoreDataProperties.m in Sources */,
				DB95483D1C6957F1007F79D2 /* SubwayView.m in Sources */,
				3A3F9F6D1C661FA500E5E8AC /* GClusterManager.m in Sources */,
				3A3F9F7D1C661FC700E5E8AC /* GQTPointQuadTreeChild.m in Sources */,
				3ADF01601C61261F00890117 /* MessViewController.m in Sources */,
				DB9FE4A61C6F616B00DD27F5 /* TempViewController.m in Sources */,
				3A4BD5D91C68DCC900936862 /* Users+CoreDataProperties.m in Sources */,
				3A3F9F861C66A69700E5E8AC /* PhoneViewController.m in Sources */,
				3ADF016D1C6128E000890117 /* FilterViewController.m in Sources */,
				DB9548401C6AA7D3007F79D2 /* ScrollFlatTableViewCell.m in Sources */,
				3A4BD5DA1C68DCC900936862 /* Users.m in Sources */,
				3A3F9F831C66559F00E5E8AC /* ModelViewController.m in Sources */,
				3A4BD5D51C68DCC900936862 /* Filter+CoreDataProperties.m in Sources */,
			);
			runOnlyForDeploymentPostprocessing = 0;
		};
/* End PBXSourcesBuildPhase section */

/* Begin PBXVariantGroup section */
		DB4952061C5FBB4700745228 /* Main.storyboard */ = {
			isa = PBXVariantGroup;
			children = (
				DB4952071C5FBB4700745228 /* Base */,
			);
			name = Main.storyboard;
			sourceTree = "<group>";
		};
		DB49520E1C5FBB4700745228 /* LaunchScreen.storyboard */ = {
			isa = PBXVariantGroup;
			children = (
				DB49520F1C5FBB4700745228 /* Base */,
			);
			name = LaunchScreen.storyboard;
			sourceTree = "<group>";
		};
/* End PBXVariantGroup section */

/* Begin XCBuildConfiguration section */
		DB4952121C5FBB4700745228 /* Debug */ = {
			isa = XCBuildConfiguration;
			buildSettings = {
				ALWAYS_SEARCH_USER_PATHS = NO;
				CLANG_CXX_LANGUAGE_STANDARD = "gnu++0x";
				CLANG_CXX_LIBRARY = "libc++";
				CLANG_ENABLE_MODULES = YES;
				CLANG_ENABLE_OBJC_ARC = YES;
				CLANG_WARN_BOOL_CONVERSION = YES;
				CLANG_WARN_CONSTANT_CONVERSION = YES;
				CLANG_WARN_DIRECT_OBJC_ISA_USAGE = YES_ERROR;
				CLANG_WARN_EMPTY_BODY = YES;
				CLANG_WARN_ENUM_CONVERSION = YES;
				CLANG_WARN_INT_CONVERSION = YES;
				CLANG_WARN_OBJC_ROOT_CLASS = YES_ERROR;
				CLANG_WARN_UNREACHABLE_CODE = YES;
				CLANG_WARN__DUPLICATE_METHOD_MATCH = YES;
				"CODE_SIGN_IDENTITY[sdk=iphoneos*]" = "iPhone Developer";
				COPY_PHASE_STRIP = NO;
				DEBUG_INFORMATION_FORMAT = dwarf;
				ENABLE_STRICT_OBJC_MSGSEND = YES;
				ENABLE_TESTABILITY = YES;
				GCC_C_LANGUAGE_STANDARD = gnu99;
				GCC_DYNAMIC_NO_PIC = NO;
				GCC_NO_COMMON_BLOCKS = YES;
				GCC_OPTIMIZATION_LEVEL = 0;
				GCC_PREPROCESSOR_DEFINITIONS = (
					"DEBUG=1",
					"$(inherited)",
				);
				GCC_WARN_64_TO_32_BIT_CONVERSION = YES;
				GCC_WARN_ABOUT_RETURN_TYPE = YES_ERROR;
				GCC_WARN_UNDECLARED_SELECTOR = YES;
				GCC_WARN_UNINITIALIZED_AUTOS = YES_AGGRESSIVE;
				GCC_WARN_UNUSED_FUNCTION = YES;
				GCC_WARN_UNUSED_VARIABLE = YES;
				IPHONEOS_DEPLOYMENT_TARGET = 8.0;
				MTL_ENABLE_DEBUG_INFO = YES;
				ONLY_ACTIVE_ARCH = YES;
				SDKROOT = iphoneos;
				SKIP_INSTALL = NO;
				TARGETED_DEVICE_FAMILY = "1,2";
			};
			name = Debug;
		};
		DB4952131C5FBB4700745228 /* Release */ = {
			isa = XCBuildConfiguration;
			buildSettings = {
				ALWAYS_SEARCH_USER_PATHS = NO;
				CLANG_CXX_LANGUAGE_STANDARD = "gnu++0x";
				CLANG_CXX_LIBRARY = "libc++";
				CLANG_ENABLE_MODULES = YES;
				CLANG_ENABLE_OBJC_ARC = YES;
				CLANG_WARN_BOOL_CONVERSION = YES;
				CLANG_WARN_CONSTANT_CONVERSION = YES;
				CLANG_WARN_DIRECT_OBJC_ISA_USAGE = YES_ERROR;
				CLANG_WARN_EMPTY_BODY = YES;
				CLANG_WARN_ENUM_CONVERSION = YES;
				CLANG_WARN_INT_CONVERSION = YES;
				CLANG_WARN_OBJC_ROOT_CLASS = YES_ERROR;
				CLANG_WARN_UNREACHABLE_CODE = YES;
				CLANG_WARN__DUPLICATE_METHOD_MATCH = YES;
				"CODE_SIGN_IDENTITY[sdk=iphoneos*]" = "iPhone Developer";
				COPY_PHASE_STRIP = NO;
				DEBUG_INFORMATION_FORMAT = "dwarf-with-dsym";
				ENABLE_NS_ASSERTIONS = NO;
				ENABLE_STRICT_OBJC_MSGSEND = YES;
				GCC_C_LANGUAGE_STANDARD = gnu99;
				GCC_NO_COMMON_BLOCKS = YES;
				GCC_WARN_64_TO_32_BIT_CONVERSION = YES;
				GCC_WARN_ABOUT_RETURN_TYPE = YES_ERROR;
				GCC_WARN_UNDECLARED_SELECTOR = YES;
				GCC_WARN_UNINITIALIZED_AUTOS = YES_AGGRESSIVE;
				GCC_WARN_UNUSED_FUNCTION = YES;
				GCC_WARN_UNUSED_VARIABLE = YES;
				IPHONEOS_DEPLOYMENT_TARGET = 8.0;
				MTL_ENABLE_DEBUG_INFO = NO;
				SDKROOT = iphoneos;
				SKIP_INSTALL = NO;
				TARGETED_DEVICE_FAMILY = "1,2";
				VALIDATE_PRODUCT = YES;
			};
			name = Release;
		};
		DB4952151C5FBB4700745228 /* Debug */ = {
			isa = XCBuildConfiguration;
			baseConfigurationReference = 11A7A4175B5D4E47AB7DC9DD /* Pods.debug.xcconfig */;
			buildSettings = {
				ASSETCATALOG_COMPILER_APPICON_NAME = AppIcon;
				CODE_SIGN_IDENTITY = "iPhone Developer";
				ENABLE_BITCODE = NO;
				FRAMEWORK_SEARCH_PATHS = (
					"$(inherited)",
					"$(PROJECT_DIR)/SixHands",
				);
				INFOPLIST_FILE = SixHands/Info.plist;
				IPHONEOS_DEPLOYMENT_TARGET = 8.0;
				LD_RUNPATH_SEARCH_PATHS = "$(inherited) @executable_path/Frameworks";
				LIBRARY_SEARCH_PATHS = (
					"$(inherited)",
					"$(PROJECT_DIR)/build/Debug-iphoneos",
				);
				OTHER_CFLAGS = "$(inherited)";
				PRODUCT_BUNDLE_IDENTIFIER = com.reutskiy.SixHands;
				PRODUCT_NAME = "$(TARGET_NAME)";
<<<<<<< HEAD
=======
				SKIP_INSTALL = NO;
>>>>>>> master
				TARGETED_DEVICE_FAMILY = "1,2";
			};
			name = Debug;
		};
		DB4952161C5FBB4700745228 /* Release */ = {
			isa = XCBuildConfiguration;
			baseConfigurationReference = 2CA40AE8DF16200438B272FC /* Pods.release.xcconfig */;
			buildSettings = {
				ASSETCATALOG_COMPILER_APPICON_NAME = AppIcon;
				CODE_SIGN_IDENTITY = "iPhone Developer";
				ENABLE_BITCODE = NO;
				FRAMEWORK_SEARCH_PATHS = (
					"$(inherited)",
					"$(PROJECT_DIR)/SixHands",
				);
				INFOPLIST_FILE = SixHands/Info.plist;
				IPHONEOS_DEPLOYMENT_TARGET = 8.0;
				LD_RUNPATH_SEARCH_PATHS = "$(inherited) @executable_path/Frameworks";
				OTHER_CFLAGS = "$(inherited)";
				PRODUCT_BUNDLE_IDENTIFIER = com.reutskiy.SixHands;
				PRODUCT_NAME = "$(TARGET_NAME)";
<<<<<<< HEAD
=======
				SKIP_INSTALL = NO;
>>>>>>> master
				TARGETED_DEVICE_FAMILY = "1,2";
			};
			name = Release;
		};
/* End XCBuildConfiguration section */

/* Begin XCConfigurationList section */
		DB4951F51C5FBB4700745228 /* Build configuration list for PBXProject "SixHands" */ = {
			isa = XCConfigurationList;
			buildConfigurations = (
				DB4952121C5FBB4700745228 /* Debug */,
				DB4952131C5FBB4700745228 /* Release */,
			);
			defaultConfigurationIsVisible = 0;
			defaultConfigurationName = Release;
		};
		DB4952141C5FBB4700745228 /* Build configuration list for PBXNativeTarget "SixHands" */ = {
			isa = XCConfigurationList;
			buildConfigurations = (
				DB4952151C5FBB4700745228 /* Debug */,
				DB4952161C5FBB4700745228 /* Release */,
			);
			defaultConfigurationIsVisible = 0;
			defaultConfigurationName = Release;
		};
/* End XCConfigurationList section */

/* Begin XCVersionGroup section */
		DB4952091C5FBB4700745228 /* SixHands.xcdatamodeld */ = {
			isa = XCVersionGroup;
			children = (
				DB49520A1C5FBB4700745228 /* SixHands.xcdatamodel */,
			);
			currentVersion = DB49520A1C5FBB4700745228 /* SixHands.xcdatamodel */;
			path = SixHands.xcdatamodeld;
			sourceTree = "<group>";
			versionGroupType = wrapper.xcdatamodel;
		};
/* End XCVersionGroup section */
	};
	rootObject = DB4951F21C5FBB4700745228 /* Project object */;
}
